
Microsoft Visual Studio Solution File, Format Version 12.00
# Visual Studio Version 16
VisualStudioVersion = 16.0.30320.27
MinimumVisualStudioVersion = 10.0.40219.1
Project("{FAE04EC0-301F-11D3-BF4B-00C04F79EFBC}") = "BlazorCRUD", "BlazorCRUD\BlazorCRUD.csproj", "{6A1F7369-A5F6-4B5A-AE9E-414903D6299C}"
EndProject
Global
	GlobalSection(SolutionConfigurationPlatforms) = preSolution
		Debug|Any CPU = Debug|Any CPU
		Release|Any CPU = Release|Any CPU
	EndGlobalSection
	GlobalSection(ProjectConfigurationPlatforms) = postSolution
		{6A1F7369-A5F6-4B5A-AE9E-414903D6299C}.Debug|Any CPU.ActiveCfg = Debug|Any CPU
		{6A1F7369-A5F6-4B5A-AE9E-414903D6299C}.Debug|Any CPU.Build.0 = Debug|Any CPU
		{6A1F7369-A5F6-4B5A-AE9E-414903D6299C}.Release|Any CPU.ActiveCfg = Release|Any CPU
		{6A1F7369-A5F6-4B5A-AE9E-414903D6299C}.Release|Any CPU.Build.0 = Release|Any CPU
	EndGlobalSection
	GlobalSection(SolutionProperties) = preSolution
		HideSolutionNode = FALSE
	EndGlobalSection
	GlobalSection(ExtensibilityGlobals) = postSolution
		SolutionGuid = {3B4F04CB-83D5-4B0D-A1FA-58A9F124A4D0}
	EndGlobalSection
EndGlobal
